// !$*UTF8*$!
{
	archiveVersion = 1;
	classes = {
	};
	objectVersion = 46;
	objects = {

/* Begin PBXBuildFile section */
		C3E5BB1B1B2EB0FD008FF419 /* main.m in Sources */ = {isa = PBXBuildFile; fileRef = C3E5BB1A1B2EB0FD008FF419 /* main.m */; };
		C3E5BB1E1B2EB0FD008FF419 /* AppDelegate.m in Sources */ = {isa = PBXBuildFile; fileRef = C3E5BB1D1B2EB0FD008FF419 /* AppDelegate.m */; };
		C3E5BB211B2EB0FD008FF419 /* ViewController.m in Sources */ = {isa = PBXBuildFile; fileRef = C3E5BB201B2EB0FD008FF419 /* ViewController.m */; };
		C3E5BB241B2EB0FD008FF419 /* Main.storyboard in Resources */ = {isa = PBXBuildFile; fileRef = C3E5BB221B2EB0FD008FF419 /* Main.storyboard */; };
		C3E5BB261B2EB0FD008FF419 /* Images.xcassets in Resources */ = {isa = PBXBuildFile; fileRef = C3E5BB251B2EB0FD008FF419 /* Images.xcassets */; };
		C3E5BB291B2EB0FD008FF419 /* LaunchScreen.xib in Resources */ = {isa = PBXBuildFile; fileRef = C3E5BB271B2EB0FD008FF419 /* LaunchScreen.xib */; };
		C3E5BB351B2EB0FE008FF419 /* WHC_DragBadgeViewDemoTests.m in Sources */ = {isa = PBXBuildFile; fileRef = C3E5BB341B2EB0FE008FF419 /* WHC_DragBadgeViewDemoTests.m */; };
/* End PBXBuildFile section */

/* Begin PBXContainerItemProxy section */
		C3E5BB2F1B2EB0FE008FF419 /* PBXContainerItemProxy */ = {
			isa = PBXContainerItemProxy;
			containerPortal = C3E5BB0D1B2EB0FD008FF419 /* Project object */;
			proxyType = 1;
			remoteGlobalIDString = C3E5BB141B2EB0FD008FF419;
			remoteInfo = WHC_DragBadgeViewDemo;
		};
/* End PBXContainerItemProxy section */

/* Begin PBXFileReference section */
		C3E5BB151B2EB0FD008FF419 /* WHC_DragBadgeViewDemo.app */ = {isa = PBXFileReference; explicitFileType = wrapper.application; includeInIndex = 0; path = WHC_DragBadgeViewDemo.app; sourceTree = BUILT_PRODUCTS_DIR; };
		C3E5BB191B2EB0FD008FF419 /* Info.plist */ = {isa = PBXFileReference; lastKnownFileType = text.plist.xml; path = Info.plist; sourceTree = "<group>"; };
		C3E5BB1A1B2EB0FD008FF419 /* main.m */ = {isa = PBXFileReference; lastKnownFileType = sourcecode.c.objc; path = main.m; sourceTree = "<group>"; };
		C3E5BB1C1B2EB0FD008FF419 /* AppDelegate.h */ = {isa = PBXFileReference; lastKnownFileType = sourcecode.c.h; path = AppDelegate.h; sourceTree = "<group>"; };
		C3E5BB1D1B2EB0FD008FF419 /* AppDelegate.m */ = {isa = PBXFileReference; lastKnownFileType = sourcecode.c.objc; path = AppDelegate.m; sourceTree = "<group>"; };
		C3E5BB1F1B2EB0FD008FF419 /* ViewController.h */ = {isa = PBXFileReference; lastKnownFileType = sourcecode.c.h; path = ViewController.h; sourceTree = "<group>"; };
		C3E5BB201B2EB0FD008FF419 /* ViewController.m */ = {isa = PBXFileReference; lastKnownFileType = sourcecode.c.objc; path = ViewController.m; sourceTree = "<group>"; };
		C3E5BB231B2EB0FD008FF419 /* Base */ = {isa = PBXFileReference; lastKnownFileType = file.storyboard; name = Base; path = Base.lproj/Main.storyboard; sourceTree = "<group>"; };
		C3E5BB251B2EB0FD008FF419 /* Images.xcassets */ = {isa = PBXFileReference; lastKnownFileType = folder.assetcatalog; path = Images.xcassets; sourceTree = "<group>"; };
		C3E5BB281B2EB0FD008FF419 /* Base */ = {isa = PBXFileReference; lastKnownFileType = file.xib; name = Base; path = Base.lproj/LaunchScreen.xib; sourceTree = "<group>"; };
		C3E5BB2E1B2EB0FE008FF419 /* WHC_DragBadgeViewDemoTests.xctest */ = {isa = PBXFileReference; explicitFileType = wrapper.cfbundle; includeInIndex = 0; path = WHC_DragBadgeViewDemoTests.xctest; sourceTree = BUILT_PRODUCTS_DIR; };
		C3E5BB331B2EB0FE008FF419 /* Info.plist */ = {isa = PBXFileReference; lastKnownFileType = text.plist.xml; path = Info.plist; sourceTree = "<group>"; };
		C3E5BB341B2EB0FE008FF419 /* WHC_DragBadgeViewDemoTests.m */ = {isa = PBXFileReference; lastKnownFileType = sourcecode.c.objc; path = WHC_DragBadgeViewDemoTests.m; sourceTree = "<group>"; };
/* End PBXFileReference section */

/* Begin PBXFrameworksBuildPhase section */
		C3E5BB121B2EB0FD008FF419 /* Frameworks */ = {
			isa = PBXFrameworksBuildPhase;
			buildActionMask = 2147483647;
			files = (
			);
			runOnlyForDeploymentPostprocessing = 0;
		};
		C3E5BB2B1B2EB0FE008FF419 /* Frameworks */ = {
			isa = PBXFrameworksBuildPhase;
			buildActionMask = 2147483647;
			files = (
			);
			runOnlyForDeploymentPostprocessing = 0;
		};
/* End PBXFrameworksBuildPhase section */

/* Begin PBXGroup section */
		C3E5BB0C1B2EB0FD008FF419 = {
			isa = PBXGroup;
			children = (
				C3E5BB171B2EB0FD008FF419 /* WHC_DragBadgeViewDemo */,
				C3E5BB311B2EB0FE008FF419 /* WHC_DragBadgeViewDemoTests */,
				C3E5BB161B2EB0FD008FF419 /* Products */,
			);
			sourceTree = "<group>";
		};
		C3E5BB161B2EB0FD008FF419 /* Products */ = {
			isa = PBXGroup;
			children = (
				C3E5BB151B2EB0FD008FF419 /* WHC_DragBadgeViewDemo.app */,
				C3E5BB2E1B2EB0FE008FF419 /* WHC_DragBadgeViewDemoTests.xctest */,
			);
			name = Products;
			sourceTree = "<group>";
		};
		C3E5BB171B2EB0FD008FF419 /* WHC_DragBadgeViewDemo */ = {
			isa = PBXGroup;
			children = (
				C3E5BB1C1B2EB0FD008FF419 /* AppDelegate.h */,
				C3E5BB1D1B2EB0FD008FF419 /* AppDelegate.m */,
				C3E5BB1F1B2EB0FD008FF419 /* ViewController.h */,
				C3E5BB201B2EB0FD008FF419 /* ViewController.m */,
				C3E5BB221B2EB0FD008FF419 /* Main.storyboard */,
				C3E5BB251B2EB0FD008FF419 /* Images.xcassets */,
				C3E5BB271B2EB0FD008FF419 /* LaunchScreen.xib */,
				C3E5BB181B2EB0FD008FF419 /* Supporting Files */,
			);
			path = WHC_DragBadgeViewDemo;
			sourceTree = "<group>";
		};
		C3E5BB181B2EB0FD008FF419 /* Supporting Files */ = {
			isa = PBXGroup;
			children = (
				C3E5BB191B2EB0FD008FF419 /* Info.plist */,
				C3E5BB1A1B2EB0FD008FF419 /* main.m */,
			);
			name = "Supporting Files";
			sourceTree = "<group>";
		};
		C3E5BB311B2EB0FE008FF419 /* WHC_DragBadgeViewDemoTests */ = {
			isa = PBXGroup;
			children = (
				C3E5BB341B2EB0FE008FF419 /* WHC_DragBadgeViewDemoTests.m */,
				C3E5BB321B2EB0FE008FF419 /* Supporting Files */,
			);
			path = WHC_DragBadgeViewDemoTests;
			sourceTree = "<group>";
		};
		C3E5BB321B2EB0FE008FF419 /* Supporting Files */ = {
			isa = PBXGroup;
			children = (
				C3E5BB331B2EB0FE008FF419 /* Info.plist */,
			);
			name = "Supporting Files";
			sourceTree = "<group>";
		};
/* End PBXGroup section */

/* Begin PBXNativeTarget section */
		C3E5BB141B2EB0FD008FF419 /* WHC_DragBadgeViewDemo */ = {
			isa = PBXNativeTarget;
			buildConfigurationList = C3E5BB381B2EB0FE008FF419 /* Build configuration list for PBXNativeTarget "WHC_DragBadgeViewDemo" */;
			buildPhases = (
				C3E5BB111B2EB0FD008FF419 /* Sources */,
				C3E5BB121B2EB0FD008FF419 /* Frameworks */,
				C3E5BB131B2EB0FD008FF419 /* Resources */,
			);
			buildRules = (
			);
			dependencies = (
			);
			name = WHC_DragBadgeViewDemo;
			productName = WHC_DragBadgeViewDemo;
			productReference = C3E5BB151B2EB0FD008FF419 /* WHC_DragBadgeViewDemo.app */;
			productType = "com.apple.product-type.application";
		};
		C3E5BB2D1B2EB0FE008FF419 /* WHC_DragBadgeViewDemoTests */ = {
			isa = PBXNativeTarget;
			buildConfigurationList = C3E5BB3B1B2EB0FE008FF419 /* Build configuration list for PBXNativeTarget "WHC_DragBadgeViewDemoTests" */;
			buildPhases = (
				C3E5BB2A1B2EB0FE008FF419 /* Sources */,
				C3E5BB2B1B2EB0FE008FF419 /* Frameworks */,
				C3E5BB2C1B2EB0FE008FF419 /* Resources */,
			);
			buildRules = (
			);
			dependencies = (
				C3E5BB301B2EB0FE008FF419 /* PBXTargetDependency */,
			);
			name = WHC_DragBadgeViewDemoTests;
			productName = WHC_DragBadgeViewDemoTests;
			productReference = C3E5BB2E1B2EB0FE008FF419 /* WHC_DragBadgeViewDemoTests.xctest */;
			productType = "com.apple.product-type.bundle.unit-test";
		};
/* End PBXNativeTarget section */

/* Begin PBXProject section */
		C3E5BB0D1B2EB0FD008FF419 /* Project object */ = {
			isa = PBXProject;
			attributes = {
				LastUpgradeCheck = 0640;
				ORGANIZATIONNAME = "吴海超";
				TargetAttributes = {
					C3E5BB141B2EB0FD008FF419 = {
						CreatedOnToolsVersion = 6.4;
					};
					C3E5BB2D1B2EB0FE008FF419 = {
						CreatedOnToolsVersion = 6.4;
						TestTargetID = C3E5BB141B2EB0FD008FF419;
					};
				};
			};
			buildConfigurationList = C3E5BB101B2EB0FD008FF419 /* Build configuration list for PBXProject "WHC_DragBadgeViewDemo" */;
			compatibilityVersion = "Xcode 3.2";
			developmentRegion = English;
			hasScannedForEncodings = 0;
			knownRegions = (
				en,
				Base,
			);
			mainGroup = C3E5BB0C1B2EB0FD008FF419;
			productRefGroup = C3E5BB161B2EB0FD008FF419 /* Products */;
			projectDirPath = "";
			projectRoot = "";
			targets = (
				C3E5BB141B2EB0FD008FF419 /* WHC_DragBadgeViewDemo */,
				C3E5BB2D1B2EB0FE008FF419 /* WHC_DragBadgeViewDemoTests */,
			);
		};
/* End PBXProject section */

/* Begin PBXResourcesBuildPhase section */
		C3E5BB131B2EB0FD008FF419 /* Resources */ = {
			isa = PBXResourcesBuildPhase;
			buildActionMask = 2147483647;
			files = (
				C3E5BB241B2EB0FD008FF419 /* Main.storyboard in Resources */,
				C3E5BB291B2EB0FD008FF419 /* LaunchScreen.xib in Resources */,
				C3E5BB261B2EB0FD008FF419 /* Images.xcassets in Resources */,
			);
			runOnlyForDeploymentPostprocessing = 0;
		};
		C3E5BB2C1B2EB0FE008FF419 /* Resources */ = {
			isa = PBXResourcesBuildPhase;
			buildActionMask = 2147483647;
			files = (
			);
			runOnlyForDeploymentPostprocessing = 0;
		};
/* End PBXResourcesBuildPhase section */

/* Begin PBXSourcesBuildPhase section */
		C3E5BB111B2EB0FD008FF419 /* Sources */ = {
			isa = PBXSourcesBuildPhase;
			buildActionMask = 2147483647;
			files = (
				C3E5BB211B2EB0FD008FF419 /* ViewController.m in Sources */,
				C3E5BB1E1B2EB0FD008FF419 /* AppDelegate.m in Sources */,
				C3E5BB1B1B2EB0FD008FF419 /* main.m in Sources */,
			);
			runOnlyForDeploymentPostprocessing = 0;
		};
		C3E5BB2A1B2EB0FE008FF419 /* Sources */ = {
			isa = PBXSourcesBuildPhase;
			buildActionMask = 2147483647;
			files = (
				C3E5BB351B2EB0FE008FF419 /* WHC_DragBadgeViewDemoTests.m in Sources */,
			);
			runOnlyForDeploymentPostprocessing = 0;
		};
/* End PBXSourcesBuildPhase section */

/* Begin PBXTargetDependency section */
		C3E5BB301B2EB0FE008FF419 /* PBXTargetDependency */ = {
			isa = PBXTargetDependency;
			target = C3E5BB141B2EB0FD008FF419 /* WHC_DragBadgeViewDemo */;
			targetProxy = C3E5BB2F1B2EB0FE008FF419 /* PBXContainerItemProxy */;
		};
/* End PBXTargetDependency section */

/* Begin PBXVariantGroup section */
		C3E5BB221B2EB0FD008FF419 /* Main.storyboard */ = {
			isa = PBXVariantGroup;
			children = (
				C3E5BB231B2EB0FD008FF419 /* Base */,
			);
			name = Main.storyboard;
			sourceTree = "<group>";
		};
		C3E5BB271B2EB0FD008FF419 /* LaunchScreen.xib */ = {
			isa = PBXVariantGroup;
			children = (
				C3E5BB281B2EB0FD008FF419 /* Base */,
			);
			name = LaunchScreen.xib;
			sourceTree = "<group>";
		};
/* End PBXVariantGroup section */

/* Begin XCBuildConfiguration section */
		C3E5BB361B2EB0FE008FF419 /* Debug */ = {
			isa = XCBuildConfiguration;
			buildSettings = {
				ALWAYS_SEARCH_USER_PATHS = NO;
				CLANG_CXX_LANGUAGE_STANDARD = "gnu++0x";
				CLANG_CXX_LIBRARY = "libc++";
				CLANG_ENABLE_MODULES = YES;
				CLANG_ENABLE_OBJC_ARC = YES;
				CLANG_WARN_BOOL_CONVERSION = YES;
				CLANG_WARN_CONSTANT_CONVERSION = YES;
				CLANG_WARN_DIRECT_OBJC_ISA_USAGE = YES_ERROR;
				CLANG_WARN_EMPTY_BODY = YES;
				CLANG_WARN_ENUM_CONVERSION = YES;
				CLANG_WARN_INT_CONVERSION = YES;
				CLANG_WARN_OBJC_ROOT_CLASS = YES_ERROR;
				CLANG_WARN_UNREACHABLE_CODE = YES;
				CLANG_WARN__DUPLICATE_METHOD_MATCH = YES;
				"CODE_SIGN_IDENTITY[sdk=iphoneos*]" = "iPhone Developer";
				COPY_PHASE_STRIP = NO;
				DEBUG_INFORMATION_FORMAT = "dwarf-with-dsym";
				ENABLE_STRICT_OBJC_MSGSEND = YES;
				GCC_C_LANGUAGE_STANDARD = gnu99;
				GCC_DYNAMIC_NO_PIC = NO;
				GCC_NO_COMMON_BLOCKS = YES;
				GCC_OPTIMIZATION_LEVEL = 0;
				GCC_PREPROCESSOR_DEFINITIONS = (
					"DEBUG=1",
					"$(inherited)",
				);
				GCC_SYMBOLS_PRIVATE_EXTERN = NO;
				GCC_WARN_64_TO_32_BIT_CONVERSION = YES;
				GCC_WARN_ABOUT_RETURN_TYPE = YES_ERROR;
				GCC_WARN_UNDECLARED_SELECTOR = YES;
				GCC_WARN_UNINITIALIZED_AUTOS = YES_AGGRESSIVE;
				GCC_WARN_UNUSED_FUNCTION = YES;
				GCC_WARN_UNUSED_VARIABLE = YES;
				IPHONEOS_DEPLOYMENT_TARGET = 8.4;
				MTL_ENABLE_DEBUG_INFO = YES;
				ONLY_ACTIVE_ARCH = YES;
				SDKROOT = iphoneos;
			};
			name = Debug;
		};
		C3E5BB371B2EB0FE008FF419 /* Release */ = {
			isa = XCBuildConfiguration;
			buildSettings = {
				ALWAYS_SEARCH_USER_PATHS = NO;
				CLANG_CXX_LANGUAGE_STANDARD = "gnu++0x";
				CLANG_CXX_LIBRARY = "libc++";
				CLANG_ENABLE_MODULES = YES;
				CLANG_ENABLE_OBJC_ARC = YES;
				CLANG_WARN_BOOL_CONVERSION = YES;
				CLANG_WARN_CONSTANT_CONVERSION = YES;
				CLANG_WARN_DIRECT_OBJC_ISA_USAGE = YES_ERROR;
				CLANG_WARN_EMPTY_BODY = YES;
				CLANG_WARN_ENUM_CONVERSION = YES;
				CLANG_WARN_INT_CONVERSION = YES;
				CLANG_WARN_OBJC_ROOT_CLASS = YES_ERROR;
				CLANG_WARN_UNREACHABLE_CODE = YES;
				CLANG_WARN__DUPLICATE_METHOD_MATCH = YES;
				"CODE_SIGN_IDENTITY[sdk=iphoneos*]" = "iPhone Developer";
				COPY_PHASE_STRIP = NO;
				DEBUG_INFORMATION_FORMAT = "dwarf-with-dsym";
				ENABLE_NS_ASSERTIONS = NO;
				ENABLE_STRICT_OBJC_MSGSEND = YES;
				GCC_C_LANGUAGE_STANDARD = gnu99;
				GCC_NO_COMMON_BLOCKS = YES;
				GCC_WARN_64_TO_32_BIT_CONVERSION = YES;
				GCC_WARN_ABOUT_RETURN_TYPE = YES_ERROR;
				GCC_WARN_UNDECLARED_SELECTOR = YES;
				GCC_WARN_UNINITIALIZED_AUTOS = YES_AGGRESSIVE;
				GCC_WARN_UNUSED_FUNCTION = YES;
				GCC_WARN_UNUSED_VARIABLE = YES;
				IPHONEOS_DEPLOYMENT_TARGET = 8.4;
				MTL_ENABLE_DEBUG_INFO = NO;
				SDKROOT = iphoneos;
				VALIDATE_PRODUCT = YES;
			};
			name = Release;
		};
		C3E5BB391B2EB0FE008FF419 /* Debug */ = {
			isa = XCBuildConfiguration;
			buildSettings = {
				ASSETCATALOG_COMPILER_APPICON_NAME = AppIcon;
				INFOPLIST_FILE = WHC_DragBadgeViewDemo/Info.plist;
				LD_RUNPATH_SEARCH_PATHS = "$(inherited) @executable_path/Frameworks";
				PRODUCT_NAME = "$(TARGET_NAME)";
			};
			name = Debug;
		};
		C3E5BB3A1B2EB0FE008FF419 /* Release */ = {
			isa = XCBuildConfiguration;
			buildSettings = {
				ASSETCATALOG_COMPILER_APPICON_NAME = AppIcon;
				INFOPLIST_FILE = WHC_DragBadgeViewDemo/Info.plist;
				LD_RUNPATH_SEARCH_PATHS = "$(inherited) @executable_path/Frameworks";
				PRODUCT_NAME = "$(TARGET_NAME)";
			};
			name = Release;
		};
		C3E5BB3C1B2EB0FE008FF419 /* Debug */ = {
			isa = XCBuildConfiguration;
			buildSettings = {
				BUNDLE_LOADER = "$(TEST_HOST)";
				FRAMEWORK_SEARCH_PATHS = (
					"$(SDKROOT)/Developer/Library/Frameworks",
					"$(inherited)",
				);
				GCC_PREPROCESSOR_DEFINITIONS = (
					"DEBUG=1",
					"$(inherited)",
				);
				INFOPLIST_FILE = WHC_DragBadgeViewDemoTests/Info.plist;
				LD_RUNPATH_SEARCH_PATHS = "$(inherited) @executable_path/Frameworks @loader_path/Frameworks";
				PRODUCT_NAME = "$(TARGET_NAME)";
				TEST_HOST = "$(BUILT_PRODUCTS_DIR)/WHC_DragBadgeViewDemo.app/WHC_DragBadgeViewDemo";
			};
			name = Debug;
		};
		C3E5BB3D1B2EB0FE008FF419 /* Release */ = {
			isa = XCBuildConfiguration;
			buildSettings = {
				BUNDLE_LOADER = "$(TEST_HOST)";
				FRAMEWORK_SEARCH_PATHS = (
					"$(SDKROOT)/Developer/Library/Frameworks",
					"$(inherited)",
				);
				INFOPLIST_FILE = WHC_DragBadgeViewDemoTests/Info.plist;
				LD_RUNPATH_SEARCH_PATHS = "$(inherited) @executable_path/Frameworks @loader_path/Frameworks";
				PRODUCT_NAME = "$(TARGET_NAME)";
				TEST_HOST = "$(BUILT_PRODUCTS_DIR)/WHC_DragBadgeViewDemo.app/WHC_DragBadgeViewDemo";
			};
			name = Release;
		};
/* End XCBuildConfiguration section */

/* Begin XCConfigurationList section */
		C3E5BB101B2EB0FD008FF419 /* Build configuration list for PBXProject "WHC_DragBadgeViewDemo" */ = {
			isa = XCConfigurationList;
			buildConfigurations = (
				C3E5BB361B2EB0FE008FF419 /* Debug */,
				C3E5BB371B2EB0FE008FF419 /* Release */,
			);
			defaultConfigurationIsVisible = 0;
			defaultConfigurationName = Release;
		};
		C3E5BB381B2EB0FE008FF419 /* Build configuration list for PBXNativeTarget "WHC_DragBadgeViewDemo" */ = {
			isa = XCConfigurationList;
			buildConfigurations = (
				C3E5BB391B2EB0FE008FF419 /* Debug */,
				C3E5BB3A1B2EB0FE008FF419 /* Release */,
			);
			defaultConfigurationIsVisible = 0;
		};
		C3E5BB3B1B2EB0FE008FF419 /* Build configuration list for PBXNativeTarget "WHC_DragBadgeViewDemoTests" */ = {
			isa = XCConfigurationList;
			buildConfigurations = (
				C3E5BB3C1B2EB0FE008FF419 /* Debug */,
				C3E5BB3D1B2EB0FE008FF419 /* Release */,
			);
			defaultConfigurationIsVisible = 0;
		};
/* End XCConfigurationList section */
	};
	rootObject = C3E5BB0D1B2EB0FD008FF419 /* Project object */;
}
